// !$*UTF8*$!
{
	archiveVersion = 1;
	classes = {
	};
	objectVersion = 56;
	objects = {

/* Begin PBXBuildFile section */
		0C196D9029DBA46D007A1527 /* TicketCell.swift in Sources */ = {isa = PBXBuildFile; fileRef = 0C196D8E29DBA46D007A1527 /* TicketCell.swift */; };
		0C196D9129DBA46D007A1527 /* TicketCell.xib in Resources */ = {isa = PBXBuildFile; fileRef = 0C196D8F29DBA46D007A1527 /* TicketCell.xib */; };
		0C413DF129D8DF1A007FC5B8 /* TicketSelectionViewController.swift in Sources */ = {isa = PBXBuildFile; fileRef = 0C413DF029D8DF1A007FC5B8 /* TicketSelectionViewController.swift */; };
		0C806DC229DA2CB1006EE007 /* LoginViewController.swift in Sources */ = {isa = PBXBuildFile; fileRef = 0C806DC129DA2CB1006EE007 /* LoginViewController.swift */; };
		0C96831729DC51E4003758B0 /* BusSeatConfig.swift in Sources */ = {isa = PBXBuildFile; fileRef = 0C96831629DC51E4003758B0 /* BusSeatConfig.swift */; };
		0C96831929DC5211003758B0 /* SeatCreator.swift in Sources */ = {isa = PBXBuildFile; fileRef = 0C96831829DC5211003758B0 /* SeatCreator.swift */; };
		0C96831B29DC5236003758B0 /* SeatDataManager.swift in Sources */ = {isa = PBXBuildFile; fileRef = 0C96831A29DC5236003758B0 /* SeatDataManager.swift */; };
		0CB3428529DA3CBD004A4F59 /* RegisterViewController.swift in Sources */ = {isa = PBXBuildFile; fileRef = 0CB3428429DA3CBD004A4F59 /* RegisterViewController.swift */; };
		0CBFF53C29D89E7800397103 /* AppDelegate.swift in Sources */ = {isa = PBXBuildFile; fileRef = 0CBFF53B29D89E7800397103 /* AppDelegate.swift */; };
		0CBFF53E29D89E7800397103 /* SceneDelegate.swift in Sources */ = {isa = PBXBuildFile; fileRef = 0CBFF53D29D89E7800397103 /* SceneDelegate.swift */; };
		0CBFF54029D89E7800397103 /* OnboardingViewController.swift in Sources */ = {isa = PBXBuildFile; fileRef = 0CBFF53F29D89E7800397103 /* OnboardingViewController.swift */; };
		0CBFF54329D89E7800397103 /* Main.storyboard in Resources */ = {isa = PBXBuildFile; fileRef = 0CBFF54129D89E7800397103 /* Main.storyboard */; };
		0CBFF54529D89E7800397103 /* Assets.xcassets in Resources */ = {isa = PBXBuildFile; fileRef = 0CBFF54429D89E7800397103 /* Assets.xcassets */; };
		0CBFF54829D89E7800397103 /* LaunchScreen.storyboard in Resources */ = {isa = PBXBuildFile; fileRef = 0CBFF54629D89E7800397103 /* LaunchScreen.storyboard */; };
		0CBFF55829D8CBB100397103 /* OnboardingModel.swift in Sources */ = {isa = PBXBuildFile; fileRef = 0CBFF55729D8CBB100397103 /* OnboardingModel.swift */; };
		0CBFF55B29D8CC5200397103 /* OnboardingCell.swift in Sources */ = {isa = PBXBuildFile; fileRef = 0CBFF55A29D8CC5200397103 /* OnboardingCell.swift */; };
		0CD8040A29DC6EE500FDCAE1 /* Constants.swift in Sources */ = {isa = PBXBuildFile; fileRef = 0CD8040929DC6EE500FDCAE1 /* Constants.swift */; };
		0CD8040C29DC6FFD00FDCAE1 /* String + Localization.swift in Sources */ = {isa = PBXBuildFile; fileRef = 0CD8040B29DC6FFD00FDCAE1 /* String + Localization.swift */; };
		0CD8040E29DCC75100FDCAE1 /* UIViewController + ShowAlert.swift in Sources */ = {isa = PBXBuildFile; fileRef = 0CD8040D29DCC75100FDCAE1 /* UIViewController + ShowAlert.swift */; };
		0CF3657029DA46600000EF42 /* UITextField + LeadingIcon.swift in Sources */ = {isa = PBXBuildFile; fileRef = 0CF3656F29DA46600000EF42 /* UITextField + LeadingIcon.swift */; };
		0CF3657229DA51A70000EF42 /* UITextField + PasswordVisibility.swift in Sources */ = {isa = PBXBuildFile; fileRef = 0CF3657129DA51A70000EF42 /* UITextField + PasswordVisibility.swift */; };
		0CF3657429DA52C50000EF42 /* User.swift in Sources */ = {isa = PBXBuildFile; fileRef = 0CF3657329DA52C50000EF42 /* User.swift */; };
		0CFAB3CF29DB16A600B87672 /* TicketsViewController.swift in Sources */ = {isa = PBXBuildFile; fileRef = 0CFAB3CE29DB16A600B87672 /* TicketsViewController.swift */; };
		A73D9B98ACA8D107D7B6E386 /* Pods_Busify.framework in Frameworks */ = {isa = PBXBuildFile; fileRef = 05A02194D8A06008B161AFF1 /* Pods_Busify.framework */; };
/* End PBXBuildFile section */

/* Begin PBXFileReference section */
		05A02194D8A06008B161AFF1 /* Pods_Busify.framework */ = {isa = PBXFileReference; explicitFileType = wrapper.framework; includeInIndex = 0; path = Pods_Busify.framework; sourceTree = BUILT_PRODUCTS_DIR; };
		0C196D8E29DBA46D007A1527 /* TicketCell.swift */ = {isa = PBXFileReference; lastKnownFileType = sourcecode.swift; path = TicketCell.swift; sourceTree = "<group>"; };
		0C196D8F29DBA46D007A1527 /* TicketCell.xib */ = {isa = PBXFileReference; lastKnownFileType = file.xib; path = TicketCell.xib; sourceTree = "<group>"; };
		0C413DF029D8DF1A007FC5B8 /* TicketSelectionViewController.swift */ = {isa = PBXFileReference; lastKnownFileType = sourcecode.swift; path = TicketSelectionViewController.swift; sourceTree = "<group>"; };
		0C806DC129DA2CB1006EE007 /* LoginViewController.swift */ = {isa = PBXFileReference; lastKnownFileType = sourcecode.swift; path = LoginViewController.swift; sourceTree = "<group>"; };
		0C96831629DC51E4003758B0 /* BusSeatConfig.swift */ = {isa = PBXFileReference; lastKnownFileType = sourcecode.swift; path = BusSeatConfig.swift; sourceTree = "<group>"; };
		0C96831829DC5211003758B0 /* SeatCreator.swift */ = {isa = PBXFileReference; lastKnownFileType = sourcecode.swift; path = SeatCreator.swift; sourceTree = "<group>"; };
		0C96831A29DC5236003758B0 /* SeatDataManager.swift */ = {isa = PBXFileReference; lastKnownFileType = sourcecode.swift; path = SeatDataManager.swift; sourceTree = "<group>"; };
		0CB3428429DA3CBD004A4F59 /* RegisterViewController.swift */ = {isa = PBXFileReference; lastKnownFileType = sourcecode.swift; path = RegisterViewController.swift; sourceTree = "<group>"; };
		0CBFF53829D89E7800397103 /* Busify.app */ = {isa = PBXFileReference; explicitFileType = wrapper.application; includeInIndex = 0; path = Busify.app; sourceTree = BUILT_PRODUCTS_DIR; };
		0CBFF53B29D89E7800397103 /* AppDelegate.swift */ = {isa = PBXFileReference; lastKnownFileType = sourcecode.swift; path = AppDelegate.swift; sourceTree = "<group>"; };
		0CBFF53D29D89E7800397103 /* SceneDelegate.swift */ = {isa = PBXFileReference; lastKnownFileType = sourcecode.swift; path = SceneDelegate.swift; sourceTree = "<group>"; };
		0CBFF53F29D89E7800397103 /* OnboardingViewController.swift */ = {isa = PBXFileReference; lastKnownFileType = sourcecode.swift; path = OnboardingViewController.swift; sourceTree = "<group>"; };
		0CBFF54229D89E7800397103 /* Base */ = {isa = PBXFileReference; lastKnownFileType = file.storyboard; name = Base; path = Base.lproj/Main.storyboard; sourceTree = "<group>"; };
		0CBFF54429D89E7800397103 /* Assets.xcassets */ = {isa = PBXFileReference; lastKnownFileType = folder.assetcatalog; path = Assets.xcassets; sourceTree = "<group>"; };
		0CBFF54729D89E7800397103 /* Base */ = {isa = PBXFileReference; lastKnownFileType = file.storyboard; name = Base; path = Base.lproj/LaunchScreen.storyboard; sourceTree = "<group>"; };
		0CBFF54929D89E7800397103 /* Info.plist */ = {isa = PBXFileReference; lastKnownFileType = text.plist.xml; path = Info.plist; sourceTree = "<group>"; };
		0CBFF55729D8CBB100397103 /* OnboardingModel.swift */ = {isa = PBXFileReference; lastKnownFileType = sourcecode.swift; path = OnboardingModel.swift; sourceTree = "<group>"; };
		0CBFF55A29D8CC5200397103 /* OnboardingCell.swift */ = {isa = PBXFileReference; lastKnownFileType = sourcecode.swift; path = OnboardingCell.swift; sourceTree = "<group>"; };
		0CD8040929DC6EE500FDCAE1 /* Constants.swift */ = {isa = PBXFileReference; lastKnownFileType = sourcecode.swift; path = Constants.swift; sourceTree = "<group>"; };
		0CD8040B29DC6FFD00FDCAE1 /* String + Localization.swift */ = {isa = PBXFileReference; lastKnownFileType = sourcecode.swift; path = "String + Localization.swift"; sourceTree = "<group>"; };
		0CD8040D29DCC75100FDCAE1 /* UIViewController + ShowAlert.swift */ = {isa = PBXFileReference; lastKnownFileType = sourcecode.swift; path = "UIViewController + ShowAlert.swift"; sourceTree = "<group>"; };
		0CF3656F29DA46600000EF42 /* UITextField + LeadingIcon.swift */ = {isa = PBXFileReference; lastKnownFileType = sourcecode.swift; path = "UITextField + LeadingIcon.swift"; sourceTree = "<group>"; };
		0CF3657129DA51A70000EF42 /* UITextField + PasswordVisibility.swift */ = {isa = PBXFileReference; lastKnownFileType = sourcecode.swift; path = "UITextField + PasswordVisibility.swift"; sourceTree = "<group>"; };
		0CF3657329DA52C50000EF42 /* User.swift */ = {isa = PBXFileReference; lastKnownFileType = sourcecode.swift; path = User.swift; sourceTree = "<group>"; };
		0CFAB3CE29DB16A600B87672 /* TicketsViewController.swift */ = {isa = PBXFileReference; lastKnownFileType = sourcecode.swift; path = TicketsViewController.swift; sourceTree = "<group>"; };
		9564113E294FAE9BDA5AA5B6 /* Pods-Busify.release.xcconfig */ = {isa = PBXFileReference; includeInIndex = 1; lastKnownFileType = text.xcconfig; name = "Pods-Busify.release.xcconfig"; path = "Target Support Files/Pods-Busify/Pods-Busify.release.xcconfig"; sourceTree = "<group>"; };
		E52DDABED8A9F0A6433BA4E8 /* Pods-Busify.debug.xcconfig */ = {isa = PBXFileReference; includeInIndex = 1; lastKnownFileType = text.xcconfig; name = "Pods-Busify.debug.xcconfig"; path = "Target Support Files/Pods-Busify/Pods-Busify.debug.xcconfig"; sourceTree = "<group>"; };
/* End PBXFileReference section */

/* Begin PBXFrameworksBuildPhase section */
		0CBFF53529D89E7800397103 /* Frameworks */ = {
			isa = PBXFrameworksBuildPhase;
			buildActionMask = 2147483647;
			files = (
				A73D9B98ACA8D107D7B6E386 /* Pods_Busify.framework in Frameworks */,
			);
			runOnlyForDeploymentPostprocessing = 0;
		};
/* End PBXFrameworksBuildPhase section */

/* Begin PBXGroup section */
		0C196D8D29DBA45A007A1527 /* Cell */ = {
			isa = PBXGroup;
			children = (
				0C196D8E29DBA46D007A1527 /* TicketCell.swift */,
				0C196D8F29DBA46D007A1527 /* TicketCell.xib */,
			);
			path = Cell;
			sourceTree = "<group>";
		};
		0C413DEF29D8DE0A007FC5B8 /* TicketSelection */ = {
			isa = PBXGroup;
			children = (
				0C413DF029D8DF1A007FC5B8 /* TicketSelectionViewController.swift */,
			);
			path = TicketSelection;
			sourceTree = "<group>";
		};
		0C806DC029DA2C9B006EE007 /* Login */ = {
			isa = PBXGroup;
			children = (
				0C806DC129DA2CB1006EE007 /* LoginViewController.swift */,
			);
			path = Login;
			sourceTree = "<group>";
		};
		0C96831529DC51BE003758B0 /* BusConfigFiles */ = {
			isa = PBXGroup;
			children = (
				0C96831629DC51E4003758B0 /* BusSeatConfig.swift */,
				0C96831829DC5211003758B0 /* SeatCreator.swift */,
				0C96831A29DC5236003758B0 /* SeatDataManager.swift */,
			);
			path = BusConfigFiles;
			sourceTree = "<group>";
		};
		0CB3428329DA3CA7004A4F59 /* Register */ = {
			isa = PBXGroup;
			children = (
				0CB3428429DA3CBD004A4F59 /* RegisterViewController.swift */,
			);
			path = Register;
			sourceTree = "<group>";
		};
		0CBFF52F29D89E7800397103 = {
			isa = PBXGroup;
			children = (
				0CBFF53A29D89E7800397103 /* Busify */,
				0CBFF53929D89E7800397103 /* Products */,
				4AB5BD932DB55E6CF769F8FB /* Pods */,
				63E76972DAEF7C85EB849EB3 /* Frameworks */,
			);
			sourceTree = "<group>";
		};
		0CBFF53929D89E7800397103 /* Products */ = {
			isa = PBXGroup;
			children = (
				0CBFF53829D89E7800397103 /* Busify.app */,
			);
			name = Products;
			sourceTree = "<group>";
		};
		0CBFF53A29D89E7800397103 /* Busify */ = {
			isa = PBXGroup;
			children = (
				0CBFF55329D8BE6200397103 /* Model */,
				0CBFF55229D8BD7300397103 /* Controllers */,
				0CBFF55129D8BD5F00397103 /* Resources */,
				0CBFF55029D8BD4B00397103 /* App */,
				0CBFF54F29D8BD3300397103 /* Utils */,
				0CBFF54129D89E7800397103 /* Main.storyboard */,
				0CBFF54629D89E7800397103 /* LaunchScreen.storyboard */,
				0CBFF54929D89E7800397103 /* Info.plist */,
			);
			path = Busify;
			sourceTree = "<group>";
		};
		0CBFF54F29D8BD3300397103 /* Utils */ = {
			isa = PBXGroup;
			children = (
				0C96831529DC51BE003758B0 /* BusConfigFiles */,
				0CBFF55529D8C5BD00397103 /* Extensions */,
				0CD8040929DC6EE500FDCAE1 /* Constants.swift */,
			);
			path = Utils;
			sourceTree = "<group>";
		};
		0CBFF55029D8BD4B00397103 /* App */ = {
			isa = PBXGroup;
			children = (
				0CBFF53B29D89E7800397103 /* AppDelegate.swift */,
				0CBFF53D29D89E7800397103 /* SceneDelegate.swift */,
			);
			path = App;
			sourceTree = "<group>";
		};
		0CBFF55129D8BD5F00397103 /* Resources */ = {
			isa = PBXGroup;
			children = (
				0CBFF54429D89E7800397103 /* Assets.xcassets */,
			);
			path = Resources;
			sourceTree = "<group>";
		};
		0CBFF55229D8BD7300397103 /* Controllers */ = {
			isa = PBXGroup;
			children = (
				0CFAB3CD29DB168100B87672 /* Tickets */,
				0CB3428329DA3CA7004A4F59 /* Register */,
				0C806DC029DA2C9B006EE007 /* Login */,
				0C413DEF29D8DE0A007FC5B8 /* TicketSelection */,
				0CBFF55429D8C3B300397103 /* Onboarding */,
			);
			path = Controllers;
			sourceTree = "<group>";
		};
		0CBFF55329D8BE6200397103 /* Model */ = {
			isa = PBXGroup;
			children = (
				0CBFF55729D8CBB100397103 /* OnboardingModel.swift */,
				0CF3657329DA52C50000EF42 /* User.swift */,
			);
			path = Model;
			sourceTree = "<group>";
		};
		0CBFF55429D8C3B300397103 /* Onboarding */ = {
			isa = PBXGroup;
			children = (
				0CBFF55929D8CC3400397103 /* Cell */,
				0CBFF53F29D89E7800397103 /* OnboardingViewController.swift */,
			);
			path = Onboarding;
			sourceTree = "<group>";
		};
		0CBFF55529D8C5BD00397103 /* Extensions */ = {
			isa = PBXGroup;
			children = (
				0CF3656F29DA46600000EF42 /* UITextField + LeadingIcon.swift */,
				0CF3657129DA51A70000EF42 /* UITextField + PasswordVisibility.swift */,
				0CD8040B29DC6FFD00FDCAE1 /* String + Localization.swift */,
				0CD8040D29DCC75100FDCAE1 /* UIViewController + ShowAlert.swift */,
			);
			path = Extensions;
			sourceTree = "<group>";
		};
		0CBFF55929D8CC3400397103 /* Cell */ = {
			isa = PBXGroup;
			children = (
				0CBFF55A29D8CC5200397103 /* OnboardingCell.swift */,
			);
			path = Cell;
			sourceTree = "<group>";
		};
		0CFAB3CD29DB168100B87672 /* Tickets */ = {
			isa = PBXGroup;
			children = (
				0C196D8D29DBA45A007A1527 /* Cell */,
				0CFAB3CE29DB16A600B87672 /* TicketsViewController.swift */,
			);
			path = Tickets;
			sourceTree = "<group>";
		};
		4AB5BD932DB55E6CF769F8FB /* Pods */ = {
			isa = PBXGroup;
			children = (
				E52DDABED8A9F0A6433BA4E8 /* Pods-Busify.debug.xcconfig */,
				9564113E294FAE9BDA5AA5B6 /* Pods-Busify.release.xcconfig */,
			);
			path = Pods;
			sourceTree = "<group>";
		};
		63E76972DAEF7C85EB849EB3 /* Frameworks */ = {
			isa = PBXGroup;
			children = (
				05A02194D8A06008B161AFF1 /* Pods_Busify.framework */,
			);
			name = Frameworks;
			sourceTree = "<group>";
		};
/* End PBXGroup section */

/* Begin PBXNativeTarget section */
		0CBFF53729D89E7800397103 /* Busify */ = {
			isa = PBXNativeTarget;
			buildConfigurationList = 0CBFF54C29D89E7800397103 /* Build configuration list for PBXNativeTarget "Busify" */;
			buildPhases = (
				B90EC39196C9AA2DE5AC81A7 /* [CP] Check Pods Manifest.lock */,
				0CBFF53429D89E7800397103 /* Sources */,
				0CBFF53529D89E7800397103 /* Frameworks */,
				0CBFF53629D89E7800397103 /* Resources */,
				5A6BED6D6D4BE0FA6156EA9F /* [CP] Embed Pods Frameworks */,
			);
			buildRules = (
			);
			dependencies = (
			);
			name = Busify;
			productName = Busify;
			productReference = 0CBFF53829D89E7800397103 /* Busify.app */;
			productType = "com.apple.product-type.application";
		};
/* End PBXNativeTarget section */

/* Begin PBXProject section */
		0CBFF53029D89E7800397103 /* Project object */ = {
			isa = PBXProject;
			attributes = {
				BuildIndependentTargetsInParallel = 1;
				LastSwiftUpdateCheck = 1420;
				LastUpgradeCheck = 1420;
				TargetAttributes = {
					0CBFF53729D89E7800397103 = {
						CreatedOnToolsVersion = 14.2;
					};
				};
			};
			buildConfigurationList = 0CBFF53329D89E7800397103 /* Build configuration list for PBXProject "Busify" */;
			compatibilityVersion = "Xcode 14.0";
			developmentRegion = en;
			hasScannedForEncodings = 0;
			knownRegions = (
				en,
				Base,
			);
			mainGroup = 0CBFF52F29D89E7800397103;
			productRefGroup = 0CBFF53929D89E7800397103 /* Products */;
			projectDirPath = "";
			projectRoot = "";
			targets = (
				0CBFF53729D89E7800397103 /* Busify */,
			);
		};
/* End PBXProject section */

/* Begin PBXResourcesBuildPhase section */
		0CBFF53629D89E7800397103 /* Resources */ = {
			isa = PBXResourcesBuildPhase;
			buildActionMask = 2147483647;
			files = (
				0CBFF54829D89E7800397103 /* LaunchScreen.storyboard in Resources */,
				0CBFF54529D89E7800397103 /* Assets.xcassets in Resources */,
				0CBFF54329D89E7800397103 /* Main.storyboard in Resources */,
				0C196D9129DBA46D007A1527 /* TicketCell.xib in Resources */,
			);
			runOnlyForDeploymentPostprocessing = 0;
		};
/* End PBXResourcesBuildPhase section */

/* Begin PBXShellScriptBuildPhase section */
		5A6BED6D6D4BE0FA6156EA9F /* [CP] Embed Pods Frameworks */ = {
			isa = PBXShellScriptBuildPhase;
			buildActionMask = 2147483647;
			files = (
			);
			inputFileListPaths = (
				"${PODS_ROOT}/Target Support Files/Pods-Busify/Pods-Busify-frameworks-${CONFIGURATION}-input-files.xcfilelist",
			);
			name = "[CP] Embed Pods Frameworks";
			outputFileListPaths = (
				"${PODS_ROOT}/Target Support Files/Pods-Busify/Pods-Busify-frameworks-${CONFIGURATION}-output-files.xcfilelist",
			);
			runOnlyForDeploymentPostprocessing = 0;
			shellPath = /bin/sh;
			shellScript = "\"${PODS_ROOT}/Target Support Files/Pods-Busify/Pods-Busify-frameworks.sh\"\n";
			showEnvVarsInLog = 0;
		};
		B90EC39196C9AA2DE5AC81A7 /* [CP] Check Pods Manifest.lock */ = {
			isa = PBXShellScriptBuildPhase;
			buildActionMask = 2147483647;
			files = (
			);
			inputFileListPaths = (
			);
			inputPaths = (
				"${PODS_PODFILE_DIR_PATH}/Podfile.lock",
				"${PODS_ROOT}/Manifest.lock",
			);
			name = "[CP] Check Pods Manifest.lock";
			outputFileListPaths = (
			);
			outputPaths = (
				"$(DERIVED_FILE_DIR)/Pods-Busify-checkManifestLockResult.txt",
			);
			runOnlyForDeploymentPostprocessing = 0;
			shellPath = /bin/sh;
			shellScript = "diff \"${PODS_PODFILE_DIR_PATH}/Podfile.lock\" \"${PODS_ROOT}/Manifest.lock\" > /dev/null\nif [ $? != 0 ] ; then\n    # print error to STDERR\n    echo \"error: The sandbox is not in sync with the Podfile.lock. Run 'pod install' or update your CocoaPods installation.\" >&2\n    exit 1\nfi\n# This output is used by Xcode 'outputs' to avoid re-running this script phase.\necho \"SUCCESS\" > \"${SCRIPT_OUTPUT_FILE_0}\"\n";
			showEnvVarsInLog = 0;
		};
/* End PBXShellScriptBuildPhase section */

/* Begin PBXSourcesBuildPhase section */
		0CBFF53429D89E7800397103 /* Sources */ = {
			isa = PBXSourcesBuildPhase;
			buildActionMask = 2147483647;
			files = (
				0CB3428529DA3CBD004A4F59 /* RegisterViewController.swift in Sources */,
				0CD8040A29DC6EE500FDCAE1 /* Constants.swift in Sources */,
				0C96831729DC51E4003758B0 /* BusSeatConfig.swift in Sources */,
				0C96831B29DC5236003758B0 /* SeatDataManager.swift in Sources */,
				0C806DC229DA2CB1006EE007 /* LoginViewController.swift in Sources */,
				0CBFF55829D8CBB100397103 /* OnboardingModel.swift in Sources */,
				0C413DF129D8DF1A007FC5B8 /* TicketSelectionViewController.swift in Sources */,
				0CFAB3CF29DB16A600B87672 /* TicketsViewController.swift in Sources */,
				0CBFF55B29D8CC5200397103 /* OnboardingCell.swift in Sources */,
				0C196D9029DBA46D007A1527 /* TicketCell.swift in Sources */,
				0CBFF54029D89E7800397103 /* OnboardingViewController.swift in Sources */,
				0CF3657029DA46600000EF42 /* UITextField + LeadingIcon.swift in Sources */,
				0C96831929DC5211003758B0 /* SeatCreator.swift in Sources */,
				0CD8040E29DCC75100FDCAE1 /* UIViewController + ShowAlert.swift in Sources */,
				0CF3657229DA51A70000EF42 /* UITextField + PasswordVisibility.swift in Sources */,
				0CBFF53C29D89E7800397103 /* AppDelegate.swift in Sources */,
				0CBFF53E29D89E7800397103 /* SceneDelegate.swift in Sources */,
				0CF3657429DA52C50000EF42 /* User.swift in Sources */,
				0CD8040C29DC6FFD00FDCAE1 /* String + Localization.swift in Sources */,
			);
			runOnlyForDeploymentPostprocessing = 0;
		};
/* End PBXSourcesBuildPhase section */

/* Begin PBXVariantGroup section */
		0CBFF54129D89E7800397103 /* Main.storyboard */ = {
			isa = PBXVariantGroup;
			children = (
				0CBFF54229D89E7800397103 /* Base */,
			);
			name = Main.storyboard;
			sourceTree = "<group>";
		};
		0CBFF54629D89E7800397103 /* LaunchScreen.storyboard */ = {
			isa = PBXVariantGroup;
			children = (
				0CBFF54729D89E7800397103 /* Base */,
			);
			name = LaunchScreen.storyboard;
			sourceTree = "<group>";
		};
/* End PBXVariantGroup section */

/* Begin XCBuildConfiguration section */
		0CBFF54A29D89E7800397103 /* Debug */ = {
			isa = XCBuildConfiguration;
			buildSettings = {
				ALWAYS_SEARCH_USER_PATHS = NO;
				CLANG_ANALYZER_NONNULL = YES;
				CLANG_ANALYZER_NUMBER_OBJECT_CONVERSION = YES_AGGRESSIVE;
				CLANG_CXX_LANGUAGE_STANDARD = "gnu++20";
				CLANG_ENABLE_MODULES = YES;
				CLANG_ENABLE_OBJC_ARC = YES;
				CLANG_ENABLE_OBJC_WEAK = YES;
				CLANG_WARN_BLOCK_CAPTURE_AUTORELEASING = YES;
				CLANG_WARN_BOOL_CONVERSION = YES;
				CLANG_WARN_COMMA = YES;
				CLANG_WARN_CONSTANT_CONVERSION = YES;
				CLANG_WARN_DEPRECATED_OBJC_IMPLEMENTATIONS = YES;
				CLANG_WARN_DIRECT_OBJC_ISA_USAGE = YES_ERROR;
				CLANG_WARN_DOCUMENTATION_COMMENTS = YES;
				CLANG_WARN_EMPTY_BODY = YES;
				CLANG_WARN_ENUM_CONVERSION = YES;
				CLANG_WARN_INFINITE_RECURSION = YES;
				CLANG_WARN_INT_CONVERSION = YES;
				CLANG_WARN_NON_LITERAL_NULL_CONVERSION = YES;
				CLANG_WARN_OBJC_IMPLICIT_RETAIN_SELF = YES;
				CLANG_WARN_OBJC_LITERAL_CONVERSION = YES;
				CLANG_WARN_OBJC_ROOT_CLASS = YES_ERROR;
				CLANG_WARN_QUOTED_INCLUDE_IN_FRAMEWORK_HEADER = YES;
				CLANG_WARN_RANGE_LOOP_ANALYSIS = YES;
				CLANG_WARN_STRICT_PROTOTYPES = YES;
				CLANG_WARN_SUSPICIOUS_MOVE = YES;
				CLANG_WARN_UNGUARDED_AVAILABILITY = YES_AGGRESSIVE;
				CLANG_WARN_UNREACHABLE_CODE = YES;
				CLANG_WARN__DUPLICATE_METHOD_MATCH = YES;
				COPY_PHASE_STRIP = NO;
				DEBUG_INFORMATION_FORMAT = dwarf;
				ENABLE_STRICT_OBJC_MSGSEND = YES;
				ENABLE_TESTABILITY = YES;
				GCC_C_LANGUAGE_STANDARD = gnu11;
				GCC_DYNAMIC_NO_PIC = NO;
				GCC_NO_COMMON_BLOCKS = YES;
				GCC_OPTIMIZATION_LEVEL = 0;
				GCC_PREPROCESSOR_DEFINITIONS = (
					"DEBUG=1",
					"$(inherited)",
				);
				GCC_WARN_64_TO_32_BIT_CONVERSION = YES;
				GCC_WARN_ABOUT_RETURN_TYPE = YES_ERROR;
				GCC_WARN_UNDECLARED_SELECTOR = YES;
				GCC_WARN_UNINITIALIZED_AUTOS = YES_AGGRESSIVE;
				GCC_WARN_UNUSED_FUNCTION = YES;
				GCC_WARN_UNUSED_VARIABLE = YES;
				IPHONEOS_DEPLOYMENT_TARGET = 16.2;
				MTL_ENABLE_DEBUG_INFO = INCLUDE_SOURCE;
				MTL_FAST_MATH = YES;
				ONLY_ACTIVE_ARCH = YES;
				SDKROOT = iphoneos;
				SWIFT_ACTIVE_COMPILATION_CONDITIONS = DEBUG;
				SWIFT_OPTIMIZATION_LEVEL = "-Onone";
			};
			name = Debug;
		};
		0CBFF54B29D89E7800397103 /* Release */ = {
			isa = XCBuildConfiguration;
			buildSettings = {
				ALWAYS_SEARCH_USER_PATHS = NO;
				CLANG_ANALYZER_NONNULL = YES;
				CLANG_ANALYZER_NUMBER_OBJECT_CONVERSION = YES_AGGRESSIVE;
				CLANG_CXX_LANGUAGE_STANDARD = "gnu++20";
				CLANG_ENABLE_MODULES = YES;
				CLANG_ENABLE_OBJC_ARC = YES;
				CLANG_ENABLE_OBJC_WEAK = YES;
				CLANG_WARN_BLOCK_CAPTURE_AUTORELEASING = YES;
				CLANG_WARN_BOOL_CONVERSION = YES;
				CLANG_WARN_COMMA = YES;
				CLANG_WARN_CONSTANT_CONVERSION = YES;
				CLANG_WARN_DEPRECATED_OBJC_IMPLEMENTATIONS = YES;
				CLANG_WARN_DIRECT_OBJC_ISA_USAGE = YES_ERROR;
				CLANG_WARN_DOCUMENTATION_COMMENTS = YES;
				CLANG_WARN_EMPTY_BODY = YES;
				CLANG_WARN_ENUM_CONVERSION = YES;
				CLANG_WARN_INFINITE_RECURSION = YES;
				CLANG_WARN_INT_CONVERSION = YES;
				CLANG_WARN_NON_LITERAL_NULL_CONVERSION = YES;
				CLANG_WARN_OBJC_IMPLICIT_RETAIN_SELF = YES;
				CLANG_WARN_OBJC_LITERAL_CONVERSION = YES;
				CLANG_WARN_OBJC_ROOT_CLASS = YES_ERROR;
				CLANG_WARN_QUOTED_INCLUDE_IN_FRAMEWORK_HEADER = YES;
				CLANG_WARN_RANGE_LOOP_ANALYSIS = YES;
				CLANG_WARN_STRICT_PROTOTYPES = YES;
				CLANG_WARN_SUSPICIOUS_MOVE = YES;
				CLANG_WARN_UNGUARDED_AVAILABILITY = YES_AGGRESSIVE;
				CLANG_WARN_UNREACHABLE_CODE = YES;
				CLANG_WARN__DUPLICATE_METHOD_MATCH = YES;
				COPY_PHASE_STRIP = NO;
				DEBUG_INFORMATION_FORMAT = "dwarf-with-dsym";
				ENABLE_NS_ASSERTIONS = NO;
				ENABLE_STRICT_OBJC_MSGSEND = YES;
				GCC_C_LANGUAGE_STANDARD = gnu11;
				GCC_NO_COMMON_BLOCKS = YES;
				GCC_WARN_64_TO_32_BIT_CONVERSION = YES;
				GCC_WARN_ABOUT_RETURN_TYPE = YES_ERROR;
				GCC_WARN_UNDECLARED_SELECTOR = YES;
				GCC_WARN_UNINITIALIZED_AUTOS = YES_AGGRESSIVE;
				GCC_WARN_UNUSED_FUNCTION = YES;
				GCC_WARN_UNUSED_VARIABLE = YES;
				IPHONEOS_DEPLOYMENT_TARGET = 16.2;
				MTL_ENABLE_DEBUG_INFO = NO;
				MTL_FAST_MATH = YES;
				SDKROOT = iphoneos;
				SWIFT_COMPILATION_MODE = wholemodule;
				SWIFT_OPTIMIZATION_LEVEL = "-O";
				VALIDATE_PRODUCT = YES;
			};
			name = Release;
		};
		0CBFF54D29D89E7800397103 /* Debug */ = {
			isa = XCBuildConfiguration;
			baseConfigurationReference = E52DDABED8A9F0A6433BA4E8 /* Pods-Busify.debug.xcconfig */;
			buildSettings = {
				ASSETCATALOG_COMPILER_APPICON_NAME = AppIcon;
				ASSETCATALOG_COMPILER_GLOBAL_ACCENT_COLOR_NAME = AccentColor;
				CODE_SIGN_STYLE = Automatic;
				CURRENT_PROJECT_VERSION = 1;
				DEVELOPMENT_TEAM = 5H8M2557R8;
				GENERATE_INFOPLIST_FILE = YES;
				INFOPLIST_FILE = Busify/Info.plist;
				INFOPLIST_KEY_UIApplicationSupportsIndirectInputEvents = YES;
				INFOPLIST_KEY_UILaunchStoryboardName = LaunchScreen;
				INFOPLIST_KEY_UIMainStoryboardFile = Main;
				INFOPLIST_KEY_UISupportedInterfaceOrientations = UIInterfaceOrientationPortrait;
				INFOPLIST_KEY_UISupportedInterfaceOrientations_iPad = "UIInterfaceOrientationLandscapeLeft UIInterfaceOrientationLandscapeRight UIInterfaceOrientationPortrait UIInterfaceOrientationPortraitUpsideDown";
				LD_RUNPATH_SEARCH_PATHS = (
					"$(inherited)",
					"@executable_path/Frameworks",
				);
				MARKETING_VERSION = 1.0;
				PRODUCT_BUNDLE_IDENTIFIER = kerem.Busify;
				PRODUCT_NAME = "$(TARGET_NAME)";
				SWIFT_EMIT_LOC_STRINGS = YES;
				SWIFT_VERSION = 5.0;
				TARGETED_DEVICE_FAMILY = "1,2";
			};
			name = Debug;
		};
		0CBFF54E29D89E7800397103 /* Release */ = {
			isa = XCBuildConfiguration;
			baseConfigurationReference = 9564113E294FAE9BDA5AA5B6 /* Pods-Busify.release.xcconfig */;
			buildSettings = {
				ASSETCATALOG_COMPILER_APPICON_NAME = AppIcon;
				ASSETCATALOG_COMPILER_GLOBAL_ACCENT_COLOR_NAME = AccentColor;
				CODE_SIGN_STYLE = Automatic;
				CURRENT_PROJECT_VERSION = 1;
				DEVELOPMENT_TEAM = 5H8M2557R8;
				GENERATE_INFOPLIST_FILE = YES;
				INFOPLIST_FILE = Busify/Info.plist;
				INFOPLIST_KEY_UIApplicationSupportsIndirectInputEvents = YES;
				INFOPLIST_KEY_UILaunchStoryboardName = LaunchScreen;
				INFOPLIST_KEY_UIMainStoryboardFile = Main;
				INFOPLIST_KEY_UISupportedInterfaceOrientations = UIInterfaceOrientationPortrait;
				INFOPLIST_KEY_UISupportedInterfaceOrientations_iPad = "UIInterfaceOrientationLandscapeLeft UIInterfaceOrientationLandscapeRight UIInterfaceOrientationPortrait UIInterfaceOrientationPortraitUpsideDown";
				LD_RUNPATH_SEARCH_PATHS = (
					"$(inherited)",
					"@executable_path/Frameworks",
				);
				MARKETING_VERSION = 1.0;
				PRODUCT_BUNDLE_IDENTIFIER = kerem.Busify;
				PRODUCT_NAME = "$(TARGET_NAME)";
				SWIFT_EMIT_LOC_STRINGS = YES;
				SWIFT_VERSION = 5.0;
				TARGETED_DEVICE_FAMILY = "1,2";
			};
			name = Release;
		};
/* End XCBuildConfiguration section */

/* Begin XCConfigurationList section */
		0CBFF53329D89E7800397103 /* Build configuration list for PBXProject "Busify" */ = {
			isa = XCConfigurationList;
			buildConfigurations = (
				0CBFF54A29D89E7800397103 /* Debug */,
				0CBFF54B29D89E7800397103 /* Release */,
			);
			defaultConfigurationIsVisible = 0;
			defaultConfigurationName = Release;
		};
		0CBFF54C29D89E7800397103 /* Build configuration list for PBXNativeTarget "Busify" */ = {
			isa = XCConfigurationList;
			buildConfigurations = (
				0CBFF54D29D89E7800397103 /* Debug */,
				0CBFF54E29D89E7800397103 /* Release */,
			);
			defaultConfigurationIsVisible = 0;
			defaultConfigurationName = Release;
		};
/* End XCConfigurationList section */
	};
	rootObject = 0CBFF53029D89E7800397103 /* Project object */;
}
